
Microsoft Visual Studio Solution File, Format Version 12.00
# Visual Studio Version 17
VisualStudioVersion = 17.8.34408.163
MinimumVisualStudioVersion = 10.0.40219.1
Project("{9A19103F-16F7-4668-BE54-9A1E7A4F7556}") = "Library.Api", "Library.Api\Library.Api.csproj", "{95C5EB52-AE1A-487A-9146-850F2E643B6B}"
EndProject
Project("{9A19103F-16F7-4668-BE54-9A1E7A4F7556}") = "Library.Business", "Library.Business\Library.Business.csproj", "{010DAFDC-F46D-4DD1-AAD2-FC852A64A991}"
EndProject
Project("{9A19103F-16F7-4668-BE54-9A1E7A4F7556}") = "Library.DataAccess", "Library.DataAccess\Library.DataAccess.csproj", "{2E126E3F-1BEF-4CEF-AAD5-4D33AD1867D5}"
EndProject
Project("{E53339B2-1760-4266-BCC7-CA923CBCF16C}") = "docker-compose", "docker-compose.dcproj", "{5E81F880-BFCE-4961-801F-46CB3FDBE78C}"
EndProject
Global
	GlobalSection(SolutionConfigurationPlatforms) = preSolution
		Debug|Any CPU = Debug|Any CPU
		Release|Any CPU = Release|Any CPU
	EndGlobalSection
	GlobalSection(ProjectConfigurationPlatforms) = postSolution
		{95C5EB52-AE1A-487A-9146-850F2E643B6B}.Debug|Any CPU.ActiveCfg = Debug|Any CPU
		{95C5EB52-AE1A-487A-9146-850F2E643B6B}.Debug|Any CPU.Build.0 = Debug|Any CPU
		{95C5EB52-AE1A-487A-9146-850F2E643B6B}.Release|Any CPU.ActiveCfg = Release|Any CPU
		{95C5EB52-AE1A-487A-9146-850F2E643B6B}.Release|Any CPU.Build.0 = Release|Any CPU
		{010DAFDC-F46D-4DD1-AAD2-FC852A64A991}.Debug|Any CPU.ActiveCfg = Debug|Any CPU
		{010DAFDC-F46D-4DD1-AAD2-FC852A64A991}.Debug|Any CPU.Build.0 = Debug|Any CPU
		{010DAFDC-F46D-4DD1-AAD2-FC852A64A991}.Release|Any CPU.ActiveCfg = Release|Any CPU
		{010DAFDC-F46D-4DD1-AAD2-FC852A64A991}.Release|Any CPU.Build.0 = Release|Any CPU
		{2E126E3F-1BEF-4CEF-AAD5-4D33AD1867D5}.Debug|Any CPU.ActiveCfg = Debug|Any CPU
		{2E126E3F-1BEF-4CEF-AAD5-4D33AD1867D5}.Debug|Any CPU.Build.0 = Debug|Any CPU
		{2E126E3F-1BEF-4CEF-AAD5-4D33AD1867D5}.Release|Any CPU.ActiveCfg = Release|Any CPU
		{2E126E3F-1BEF-4CEF-AAD5-4D33AD1867D5}.Release|Any CPU.Build.0 = Release|Any CPU
		{5E81F880-BFCE-4961-801F-46CB3FDBE78C}.Debug|Any CPU.ActiveCfg = Debug|Any CPU
		{5E81F880-BFCE-4961-801F-46CB3FDBE78C}.Debug|Any CPU.Build.0 = Debug|Any CPU
		{5E81F880-BFCE-4961-801F-46CB3FDBE78C}.Release|Any CPU.ActiveCfg = Release|Any CPU
		{5E81F880-BFCE-4961-801F-46CB3FDBE78C}.Release|Any CPU.Build.0 = Release|Any CPU
	EndGlobalSection
	GlobalSection(SolutionProperties) = preSolution
		HideSolutionNode = FALSE
	EndGlobalSection
	GlobalSection(ExtensibilityGlobals) = postSolution
		SolutionGuid = {163845ED-C8EB-4BBD-A6BD-EDBD8BD303BA}
	EndGlobalSection
EndGlobal
